{
  "requires": true,
  "lockfileVersion": 1,
  "dependencies": {
    "127.0.0.1": {
      "version": "0.0.1",
      "resolved": "https://registry.npmjs.org/127.0.0.1/-/127.0.0.1-0.0.1.tgz",
      "integrity": "sha512-Rc2t4wcvIRu500FCilOrKd8fglTMPDW00ary3v5h8rKvlhSUDVdshaG1M4Lk544ZBpAkJ5v0ACMQKM5H+t7kXQ=="
    },
    "prettier": {
      "version": "2.3.2",
      "resolved": "https://registry.npmjs.org/prettier/-/prettier-2.3.2.tgz",
      "integrity": "sha512-lnJzDfJ66zkMy58OL5/NY5zp70S7Nz6KqcKkXYzn2tMVrNxvbqaBpg7H3qHaLxCJ5lNMsGuM8+ohS7cZrthdLQ=="
    }
  }
}
